
Microsoft Visual Studio Solution File, Format Version 12.00
# Visual Studio Version 17
VisualStudioVersion = 17.0.31903.59
MinimumVisualStudioVersion = 10.0.40219.1
Project("{2150E333-8FDC-42A3-9474-1A3956D46DE8}") = "src", "src", "{827E0CD3-B72D-47B6-A68D-7590B98EB39B}"
EndProject
Project("{FAE04EC0-301F-11D3-BF4B-00C04F79EFBC}") = "ThirdLife.Actions", "src\ThirdLife.Actions\ThirdLife.Actions.csproj", "{C91C11FF-2613-4F33-9381-A6CE1AA8AC21}"
EndProject
Project("{FAE04EC0-301F-11D3-BF4B-00C04F79EFBC}") = "ThirdLife.Broker.Protocol", "src\ThirdLife.Broker.Protocol\ThirdLife.Broker.Protocol.csproj", "{AF03D05F-81F2-4FFA-8A81-5FE5FA93E7A7}"
EndProject
Project("{FAE04EC0-301F-11D3-BF4B-00C04F79EFBC}") = "ThirdLife.Broker", "src\ThirdLife.Broker\ThirdLife.Broker.csproj", "{E6A5655B-8C1E-4FEA-BEB5-745D476AA019}"
EndProject
Project("{FAE04EC0-301F-11D3-BF4B-00C04F79EFBC}") = "ThirdLife.Catalog", "src\ThirdLife.Catalog\ThirdLife.Catalog.csproj", "{E5091565-A310-41C3-9DF5-A6FD2729EECD}"
EndProject
Project("{FAE04EC0-301F-11D3-BF4B-00C04F79EFBC}") = "ThirdLife.Core", "src\ThirdLife.Core\ThirdLife.Core.csproj", "{6EACCA72-C933-4D64-B645-F86D4C1B101E}"
EndProject
Project("{FAE04EC0-301F-11D3-BF4B-00C04F79EFBC}") = "ThirdLife.Diagnostics", "src\ThirdLife.Diagnostics\ThirdLife.Diagnostics.csproj", "{F8994BED-0235-48E1-865B-85C1763E3AAF}"
EndProject
Project("{FAE04EC0-301F-11D3-BF4B-00C04F79EFBC}") = "ThirdLife.Inventory", "src\ThirdLife.Inventory\ThirdLife.Inventory.csproj", "{4C94FA3C-88CB-44ED-A606-DD867885F7E4}"
EndProject
Project("{FAE04EC0-301F-11D3-BF4B-00C04F79EFBC}") = "ThirdLife.Packages", "src\ThirdLife.Packages\ThirdLife.Packages.csproj", "{4C8CF963-D1BB-4E72-84A9-C47654C418D9}"
EndProject
Project("{FAE04EC0-301F-11D3-BF4B-00C04F79EFBC}") = "ThirdLife.Persistence", "src\ThirdLife.Persistence\ThirdLife.Persistence.csproj", "{259BB7A8-39A3-4D81-90BC-8AB9B264B92B}"
EndProject
Project("{FAE04EC0-301F-11D3-BF4B-00C04F79EFBC}") = "ThirdLife.Policy", "src\ThirdLife.Policy\ThirdLife.Policy.csproj", "{42EE63FC-E76D-4721-BA6F-D933EBE89049}"
EndProject
Project("{FAE04EC0-301F-11D3-BF4B-00C04F79EFBC}") = "ThirdLife.Reports", "src\ThirdLife.Reports\ThirdLife.Reports.csproj", "{F676A544-A9EC-4B77-9C84-75F54343200E}"
EndProject
Project("{FAE04EC0-301F-11D3-BF4B-00C04F79EFBC}") = "ThirdLife.UI", "src\ThirdLife.UI\ThirdLife.UI.csproj", "{AFD1DB1F-90F6-49DE-9F5B-BE09BC56ED73}"
EndProject
Project("{FAE04EC0-301F-11D3-BF4B-00C04F79EFBC}") = "ThirdLife.Verification", "src\ThirdLife.Verification\ThirdLife.Verification.csproj", "{97581010-4A0D-4920-BA69-459635E7AFA1}"
EndProject
Project("{2150E333-8FDC-42A3-9474-1A3956D46DE8}") = "tests", "tests", "{0AB3BF05-4346-4AA6-1389-037BE0695223}"
EndProject
Project("{FAE04EC0-301F-11D3-BF4B-00C04F79EFBC}") = "ThirdLife.Actions.Tests", "tests\ThirdLife.Actions.Tests\ThirdLife.Actions.Tests.csproj", "{404FAA27-281E-4B7C-9040-E580A01A87F1}"
EndProject
Project("{FAE04EC0-301F-11D3-BF4B-00C04F79EFBC}") = "ThirdLife.Broker.SecurityTests", "tests\ThirdLife.Broker.SecurityTests\ThirdLife.Broker.SecurityTests.csproj", "{36026751-8202-43FE-9135-DFDE674C62C5}"
EndProject
Project("{FAE04EC0-301F-11D3-BF4B-00C04F79EFBC}") = "ThirdLife.Broker.Tests", "tests\ThirdLife.Broker.Tests\ThirdLife.Broker.Tests.csproj", "{D1CF8007-AF4D-446C-86E6-F14D71FB03B3}"
EndProject
Project("{FAE04EC0-301F-11D3-BF4B-00C04F79EFBC}") = "ThirdLife.Catalog.Tests", "tests\ThirdLife.Catalog.Tests\ThirdLife.Catalog.Tests.csproj", "{620A3460-A43C-4810-BCE5-ACA3B8E2FDBA}"
EndProject
Project("{FAE04EC0-301F-11D3-BF4B-00C04F79EFBC}") = "ThirdLife.Core.Tests", "tests\ThirdLife.Core.Tests\ThirdLife.Core.Tests.csproj", "{3C8F030A-0A61-4145-B7BD-2E4FADB6378E}"
EndProject
Project("{FAE04EC0-301F-11D3-BF4B-00C04F79EFBC}") = "ThirdLife.Diagnostics.Tests", "tests\ThirdLife.Diagnostics.Tests\ThirdLife.Diagnostics.Tests.csproj", "{6BE4B371-9CEE-4FFF-BE6E-1EFAE16B266C}"
EndProject
Project("{FAE04EC0-301F-11D3-BF4B-00C04F79EFBC}") = "ThirdLife.Inventory.Tests", "tests\ThirdLife.Inventory.Tests\ThirdLife.Inventory.Tests.csproj", "{CDE77426-B6E6-4B6F-BAA0-1FA583CFF4C3}"
EndProject
Project("{FAE04EC0-301F-11D3-BF4B-00C04F79EFBC}") = "ThirdLife.Packages.Tests", "tests\ThirdLife.Packages.Tests\ThirdLife.Packages.Tests.csproj", "{BECA5C02-1493-4EB3-A63C-6E662B4DCFF9}"
EndProject
Project("{FAE04EC0-301F-11D3-BF4B-00C04F79EFBC}") = "ThirdLife.Persistence.Tests", "tests\ThirdLife.Persistence.Tests\ThirdLife.Persistence.Tests.csproj", "{8C7C46F3-021B-4B62-8278-8CA7317B0EBB}"
EndProject
Project("{FAE04EC0-301F-11D3-BF4B-00C04F79EFBC}") = "ThirdLife.Policy.Tests", "tests\ThirdLife.Policy.Tests\ThirdLife.Policy.Tests.csproj", "{F0B3C36E-2796-4DB7-9327-6AF951ABA57D}"
EndProject
Project("{FAE04EC0-301F-11D3-BF4B-00C04F79EFBC}") = "ThirdLife.Reports.Tests", "tests\ThirdLife.Reports.Tests\ThirdLife.Reports.Tests.csproj", "{1CD6BBFC-C51B-4162-8628-344356968CC4}"
EndProject
Project("{FAE04EC0-301F-11D3-BF4B-00C04F79EFBC}") = "ThirdLife.UI.Tests", "tests\ThirdLife.UI.Tests\ThirdLife.UI.Tests.csproj", "{3B3914C5-CA13-4AD8-B38B-3BCD8754892C}"
EndProject
Project("{FAE04EC0-301F-11D3-BF4B-00C04F79EFBC}") = "ThirdLife.Verification.Tests", "tests\ThirdLife.Verification.Tests\ThirdLife.Verification.Tests.csproj", "{4BFC80A2-AA8E-4C22-9BD8-7D19595348B3}"
EndProject
Global
	GlobalSection(SolutionConfigurationPlatforms) = preSolution
		Debug|Any CPU = Debug|Any CPU
		Debug|x64 = Debug|x64
		Debug|x86 = Debug|x86
		Release|Any CPU = Release|Any CPU
		Release|x64 = Release|x64
		Release|x86 = Release|x86
	EndGlobalSection
	GlobalSection(ProjectConfigurationPlatforms) = postSolution
		{C91C11FF-2613-4F33-9381-A6CE1AA8AC21}.Debug|Any CPU.ActiveCfg = Debug|Any CPU
		{C91C11FF-2613-4F33-9381-A6CE1AA8AC21}.Debug|Any CPU.Build.0 = Debug|Any CPU
		{C91C11FF-2613-4F33-9381-A6CE1AA8AC21}.Debug|x64.ActiveCfg = Debug|Any CPU
		{C91C11FF-2613-4F33-9381-A6CE1AA8AC21}.Debug|x64.Build.0 = Debug|Any CPU
		{C91C11FF-2613-4F33-9381-A6CE1AA8AC21}.Debug|x86.ActiveCfg = Debug|Any CPU
		{C91C11FF-2613-4F33-9381-A6CE1AA8AC21}.Debug|x86.Build.0 = Debug|Any CPU
		{C91C11FF-2613-4F33-9381-A6CE1AA8AC21}.Release|Any CPU.ActiveCfg = Release|Any CPU
		{C91C11FF-2613-4F33-9381-A6CE1AA8AC21}.Release|Any CPU.Build.0 = Release|Any CPU
		{C91C11FF-2613-4F33-9381-A6CE1AA8AC21}.Release|x64.ActiveCfg = Release|Any CPU
		{C91C11FF-2613-4F33-9381-A6CE1AA8AC21}.Release|x64.Build.0 = Release|Any CPU
		{C91C11FF-2613-4F33-9381-A6CE1AA8AC21}.Release|x86.ActiveCfg = Release|Any CPU
		{C91C11FF-2613-4F33-9381-A6CE1AA8AC21}.Release|x86.Build.0 = Release|Any CPU
		{AF03D05F-81F2-4FFA-8A81-5FE5FA93E7A7}.Debug|Any CPU.ActiveCfg = Debug|Any CPU
		{AF03D05F-81F2-4FFA-8A81-5FE5FA93E7A7}.Debug|Any CPU.Build.0 = Debug|Any CPU
		{AF03D05F-81F2-4FFA-8A81-5FE5FA93E7A7}.Debug|x64.ActiveCfg = Debug|Any CPU
		{AF03D05F-81F2-4FFA-8A81-5FE5FA93E7A7}.Debug|x64.Build.0 = Debug|Any CPU
		{AF03D05F-81F2-4FFA-8A81-5FE5FA93E7A7}.Debug|x86.ActiveCfg = Debug|Any CPU
		{AF03D05F-81F2-4FFA-8A81-5FE5FA93E7A7}.Debug|x86.Build.0 = Debug|Any CPU
		{AF03D05F-81F2-4FFA-8A81-5FE5FA93E7A7}.Release|Any CPU.ActiveCfg = Release|Any CPU
		{AF03D05F-81F2-4FFA-8A81-5FE5FA93E7A7}.Release|Any CPU.Build.0 = Release|Any CPU
		{AF03D05F-81F2-4FFA-8A81-5FE5FA93E7A7}.Release|x64.ActiveCfg = Release|Any CPU
		{AF03D05F-81F2-4FFA-8A81-5FE5FA93E7A7}.Release|x64.Build.0 = Release|Any CPU
		{AF03D05F-81F2-4FFA-8A81-5FE5FA93E7A7}.Release|x86.ActiveCfg = Release|Any CPU
		{AF03D05F-81F2-4FFA-8A81-5FE5FA93E7A7}.Release|x86.Build.0 = Release|Any CPU
		{E6A5655B-8C1E-4FEA-BEB5-745D476AA019}.Debug|Any CPU.ActiveCfg = Debug|Any CPU
		{E6A5655B-8C1E-4FEA-BEB5-745D476AA019}.Debug|Any CPU.Build.0 = Debug|Any CPU
		{E6A5655B-8C1E-4FEA-BEB5-745D476AA019}.Debug|x64.ActiveCfg = Debug|Any CPU
		{E6A5655B-8C1E-4FEA-BEB5-745D476AA019}.Debug|x64.Build.0 = Debug|Any CPU
		{E6A5655B-8C1E-4FEA-BEB5-745D476AA019}.Debug|x86.ActiveCfg = Debug|Any CPU
		{E6A5655B-8C1E-4FEA-BEB5-745D476AA019}.Debug|x86.Build.0 = Debug|Any CPU
		{E6A5655B-8C1E-4FEA-BEB5-745D476AA019}.Release|Any CPU.ActiveCfg = Release|Any CPU
		{E6A5655B-8C1E-4FEA-BEB5-745D476AA019}.Release|Any CPU.Build.0 = Release|Any CPU
		{E6A5655B-8C1E-4FEA-BEB5-745D476AA019}.Release|x64.ActiveCfg = Release|Any CPU
		{E6A5655B-8C1E-4FEA-BEB5-745D476AA019}.Release|x64.Build.0 = Release|Any CPU
		{E6A5655B-8C1E-4FEA-BEB5-745D476AA019}.Release|x86.ActiveCfg = Release|Any CPU
		{E6A5655B-8C1E-4FEA-BEB5-745D476AA019}.Release|x86.Build.0 = Release|Any CPU
		{E5091565-A310-41C3-9DF5-A6FD2729EECD}.Debug|Any CPU.ActiveCfg = Debug|Any CPU
		{E5091565-A310-41C3-9DF5-A6FD2729EECD}.Debug|Any CPU.Build.0 = Debug|Any CPU
		{E5091565-A310-41C3-9DF5-A6FD2729EECD}.Debug|x64.ActiveCfg = Debug|Any CPU
		{E5091565-A310-41C3-9DF5-A6FD2729EECD}.Debug|x64.Build.0 = Debug|Any CPU
		{E5091565-A310-41C3-9DF5-A6FD2729EECD}.Debug|x86.ActiveCfg = Debug|Any CPU
		{E5091565-A310-41C3-9DF5-A6FD2729EECD}.Debug|x86.Build.0 = Debug|Any CPU
		{E5091565-A310-41C3-9DF5-A6FD2729EECD}.Release|Any CPU.ActiveCfg = Release|Any CPU
		{E5091565-A310-41C3-9DF5-A6FD2729EECD}.Release|Any CPU.Build.0 = Release|Any CPU
		{E5091565-A310-41C3-9DF5-A6FD2729EECD}.Release|x64.ActiveCfg = Release|Any CPU
		{E5091565-A310-41C3-9DF5-A6FD2729EECD}.Release|x64.Build.0 = Release|Any CPU
		{E5091565-A310-41C3-9DF5-A6FD2729EECD}.Release|x86.ActiveCfg = Release|Any CPU
		{E5091565-A310-41C3-9DF5-A6FD2729EECD}.Release|x86.Build.0 = Release|Any CPU
		{6EACCA72-C933-4D64-B645-F86D4C1B101E}.Debug|Any CPU.ActiveCfg = Debug|Any CPU
		{6EACCA72-C933-4D64-B645-F86D4C1B101E}.Debug|Any CPU.Build.0 = Debug|Any CPU
		{6EACCA72-C933-4D64-B645-F86D4C1B101E}.Debug|x64.ActiveCfg = Debug|Any CPU
		{6EACCA72-C933-4D64-B645-F86D4C1B101E}.Debug|x64.Build.0 = Debug|Any CPU
		{6EACCA72-C933-4D64-B645-F86D4C1B101E}.Debug|x86.ActiveCfg = Debug|Any CPU
		{6EACCA72-C933-4D64-B645-F86D4C1B101E}.Debug|x86.Build.0 = Debug|Any CPU
		{6EACCA72-C933-4D64-B645-F86D4C1B101E}.Release|Any CPU.ActiveCfg = Release|Any CPU
		{6EACCA72-C933-4D64-B645-F86D4C1B101E}.Release|Any CPU.Build.0 = Release|Any CPU
		{6EACCA72-C933-4D64-B645-F86D4C1B101E}.Release|x64.ActiveCfg = Release|Any CPU
		{6EACCA72-C933-4D64-B645-F86D4C1B101E}.Release|x64.Build.0 = Release|Any CPU
		{6EACCA72-C933-4D64-B645-F86D4C1B101E}.Release|x86.ActiveCfg = Release|Any CPU
		{6EACCA72-C933-4D64-B645-F86D4C1B101E}.Release|x86.Build.0 = Release|Any CPU
		{F8994BED-0235-48E1-865B-85C1763E3AAF}.Debug|Any CPU.ActiveCfg = Debug|Any CPU
		{F8994BED-0235-48E1-865B-85C1763E3AAF}.Debug|Any CPU.Build.0 = Debug|Any CPU
		{F8994BED-0235-48E1-865B-85C1763E3AAF}.Debug|x64.ActiveCfg = Debug|Any CPU
		{F8994BED-0235-48E1-865B-85C1763E3AAF}.Debug|x64.Build.0 = Debug|Any CPU
		{F8994BED-0235-48E1-865B-85C1763E3AAF}.Debug|x86.ActiveCfg = Debug|Any CPU
		{F8994BED-0235-48E1-865B-85C1763E3AAF}.Debug|x86.Build.0 = Debug|Any CPU
		{F8994BED-0235-48E1-865B-85C1763E3AAF}.Release|Any CPU.ActiveCfg = Release|Any CPU
		{F8994BED-0235-48E1-865B-85C1763E3AAF}.Release|Any CPU.Build.0 = Release|Any CPU
		{F8994BED-0235-48E1-865B-85C1763E3AAF}.Release|x64.ActiveCfg = Release|Any CPU
		{F8994BED-0235-48E1-865B-85C1763E3AAF}.Release|x64.Build.0 = Release|Any CPU
		{F8994BED-0235-48E1-865B-85C1763E3AAF}.Release|x86.ActiveCfg = Release|Any CPU
		{F8994BED-0235-48E1-865B-85C1763E3AAF}.Release|x86.Build.0 = Release|Any CPU
		{4C94FA3C-88CB-44ED-A606-DD867885F7E4}.Debug|Any CPU.ActiveCfg = Debug|Any CPU
		{4C94FA3C-88CB-44ED-A606-DD867885F7E4}.Debug|Any CPU.Build.0 = Debug|Any CPU
		{4C94FA3C-88CB-44ED-A606-DD867885F7E4}.Debug|x64.ActiveCfg = Debug|Any CPU
		{4C94FA3C-88CB-44ED-A606-DD867885F7E4}.Debug|x64.Build.0 = Debug|Any CPU
		{4C94FA3C-88CB-44ED-A606-DD867885F7E4}.Debug|x86.ActiveCfg = Debug|Any CPU
		{4C94FA3C-88CB-44ED-A606-DD867885F7E4}.Debug|x86.Build.0 = Debug|Any CPU
		{4C94FA3C-88CB-44ED-A606-DD867885F7E4}.Release|Any CPU.ActiveCfg = Release|Any CPU
		{4C94FA3C-88CB-44ED-A606-DD867885F7E4}.Release|Any CPU.Build.0 = Release|Any CPU
		{4C94FA3C-88CB-44ED-A606-DD867885F7E4}.Release|x64.ActiveCfg = Release|Any CPU
		{4C94FA3C-88CB-44ED-A606-DD867885F7E4}.Release|x64.Build.0 = Release|Any CPU
		{4C94FA3C-88CB-44ED-A606-DD867885F7E4}.Release|x86.ActiveCfg = Release|Any CPU
		{4C94FA3C-88CB-44ED-A606-DD867885F7E4}.Release|x86.Build.0 = Release|Any CPU
		{4C8CF963-D1BB-4E72-84A9-C47654C418D9}.Debug|Any CPU.ActiveCfg = Debug|Any CPU
		{4C8CF963-D1BB-4E72-84A9-C47654C418D9}.Debug|Any CPU.Build.0 = Debug|Any CPU
		{4C8CF963-D1BB-4E72-84A9-C47654C418D9}.Debug|x64.ActiveCfg = Debug|Any CPU
		{4C8CF963-D1BB-4E72-84A9-C47654C418D9}.Debug|x64.Build.0 = Debug|Any CPU
		{4C8CF963-D1BB-4E72-84A9-C47654C418D9}.Debug|x86.ActiveCfg = Debug|Any CPU
		{4C8CF963-D1BB-4E72-84A9-C47654C418D9}.Debug|x86.Build.0 = Debug|Any CPU
		{4C8CF963-D1BB-4E72-84A9-C47654C418D9}.Release|Any CPU.ActiveCfg = Release|Any CPU
		{4C8CF963-D1BB-4E72-84A9-C47654C418D9}.Release|Any CPU.Build.0 = Release|Any CPU
		{4C8CF963-D1BB-4E72-84A9-C47654C418D9}.Release|x64.ActiveCfg = Release|Any CPU
		{4C8CF963-D1BB-4E72-84A9-C47654C418D9}.Release|x64.Build.0 = Release|Any CPU
		{4C8CF963-D1BB-4E72-84A9-C47654C418D9}.Release|x86.ActiveCfg = Release|Any CPU
		{4C8CF963-D1BB-4E72-84A9-C47654C418D9}.Release|x86.Build.0 = Release|Any CPU
		{259BB7A8-39A3-4D81-90BC-8AB9B264B92B}.Debug|Any CPU.ActiveCfg = Debug|Any CPU
		{259BB7A8-39A3-4D81-90BC-8AB9B264B92B}.Debug|Any CPU.Build.0 = Debug|Any CPU
		{259BB7A8-39A3-4D81-90BC-8AB9B264B92B}.Debug|x64.ActiveCfg = Debug|Any CPU
		{259BB7A8-39A3-4D81-90BC-8AB9B264B92B}.Debug|x64.Build.0 = Debug|Any CPU
		{259BB7A8-39A3-4D81-90BC-8AB9B264B92B}.Debug|x86.ActiveCfg = Debug|Any CPU
		{259BB7A8-39A3-4D81-90BC-8AB9B264B92B}.Debug|x86.Build.0 = Debug|Any CPU
		{259BB7A8-39A3-4D81-90BC-8AB9B264B92B}.Release|Any CPU.ActiveCfg = Release|Any CPU
		{259BB7A8-39A3-4D81-90BC-8AB9B264B92B}.Release|Any CPU.Build.0 = Release|Any CPU
		{259BB7A8-39A3-4D81-90BC-8AB9B264B92B}.Release|x64.ActiveCfg = Release|Any CPU
		{259BB7A8-39A3-4D81-90BC-8AB9B264B92B}.Release|x64.Build.0 = Release|Any CPU
		{259BB7A8-39A3-4D81-90BC-8AB9B264B92B}.Release|x86.ActiveCfg = Release|Any CPU
		{259BB7A8-39A3-4D81-90BC-8AB9B264B92B}.Release|x86.Build.0 = Release|Any CPU
		{42EE63FC-E76D-4721-BA6F-D933EBE89049}.Debug|Any CPU.ActiveCfg = Debug|Any CPU
		{42EE63FC-E76D-4721-BA6F-D933EBE89049}.Debug|Any CPU.Build.0 = Debug|Any CPU
		{42EE63FC-E76D-4721-BA6F-D933EBE89049}.Debug|x64.ActiveCfg = Debug|Any CPU
		{42EE63FC-E76D-4721-BA6F-D933EBE89049}.Debug|x64.Build.0 = Debug|Any CPU
		{42EE63FC-E76D-4721-BA6F-D933EBE89049}.Debug|x86.ActiveCfg = Debug|Any CPU
		{42EE63FC-E76D-4721-BA6F-D933EBE89049}.Debug|x86.Build.0 = Debug|Any CPU
		{42EE63FC-E76D-4721-BA6F-D933EBE89049}.Release|Any CPU.ActiveCfg = Release|Any CPU
		{42EE63FC-E76D-4721-BA6F-D933EBE89049}.Release|Any CPU.Build.0 = Release|Any CPU
		{42EE63FC-E76D-4721-BA6F-D933EBE89049}.Release|x64.ActiveCfg = Release|Any CPU
		{42EE63FC-E76D-4721-BA6F-D933EBE89049}.Release|x64.Build.0 = Release|Any CPU
		{42EE63FC-E76D-4721-BA6F-D933EBE89049}.Release|x86.ActiveCfg = Release|Any CPU
		{42EE63FC-E76D-4721-BA6F-D933EBE89049}.Release|x86.Build.0 = Release|Any CPU
		{F676A544-A9EC-4B77-9C84-75F54343200E}.Debug|Any CPU.ActiveCfg = Debug|Any CPU
		{F676A544-A9EC-4B77-9C84-75F54343200E}.Debug|Any CPU.Build.0 = Debug|Any CPU
		{F676A544-A9EC-4B77-9C84-75F54343200E}.Debug|x64.ActiveCfg = Debug|Any CPU
		{F676A544-A9EC-4B77-9C84-75F54343200E}.Debug|x64.Build.0 = Debug|Any CPU
		{F676A544-A9EC-4B77-9C84-75F54343200E}.Debug|x86.ActiveCfg = Debug|Any CPU
		{F676A544-A9EC-4B77-9C84-75F54343200E}.Debug|x86.Build.0 = Debug|Any CPU
		{F676A544-A9EC-4B77-9C84-75F54343200E}.Release|Any CPU.ActiveCfg = Release|Any CPU
		{F676A544-A9EC-4B77-9C84-75F54343200E}.Release|Any CPU.Build.0 = Release|Any CPU
		{F676A544-A9EC-4B77-9C84-75F54343200E}.Release|x64.ActiveCfg = Release|Any CPU
		{F676A544-A9EC-4B77-9C84-75F54343200E}.Release|x64.Build.0 = Release|Any CPU
		{F676A544-A9EC-4B77-9C84-75F54343200E}.Release|x86.ActiveCfg = Release|Any CPU
		{F676A544-A9EC-4B77-9C84-75F54343200E}.Release|x86.Build.0 = Release|Any CPU
		{AFD1DB1F-90F6-49DE-9F5B-BE09BC56ED73}.Debug|Any CPU.ActiveCfg = Debug|Any CPU
		{AFD1DB1F-90F6-49DE-9F5B-BE09BC56ED73}.Debug|Any CPU.Build.0 = Debug|Any CPU
		{AFD1DB1F-90F6-49DE-9F5B-BE09BC56ED73}.Debug|x64.ActiveCfg = Debug|Any CPU
		{AFD1DB1F-90F6-49DE-9F5B-BE09BC56ED73}.Debug|x64.Build.0 = Debug|Any CPU
		{AFD1DB1F-90F6-49DE-9F5B-BE09BC56ED73}.Debug|x86.ActiveCfg = Debug|Any CPU
		{AFD1DB1F-90F6-49DE-9F5B-BE09BC56ED73}.Debug|x86.Build.0 = Debug|Any CPU
		{AFD1DB1F-90F6-49DE-9F5B-BE09BC56ED73}.Release|Any CPU.ActiveCfg = Release|Any CPU
		{AFD1DB1F-90F6-49DE-9F5B-BE09BC56ED73}.Release|Any CPU.Build.0 = Release|Any CPU
		{AFD1DB1F-90F6-49DE-9F5B-BE09BC56ED73}.Release|x64.ActiveCfg = Release|Any CPU
		{AFD1DB1F-90F6-49DE-9F5B-BE09BC56ED73}.Release|x64.Build.0 = Release|Any CPU
		{AFD1DB1F-90F6-49DE-9F5B-BE09BC56ED73}.Release|x86.ActiveCfg = Release|Any CPU
		{AFD1DB1F-90F6-49DE-9F5B-BE09BC56ED73}.Release|x86.Build.0 = Release|Any CPU
		{97581010-4A0D-4920-BA69-459635E7AFA1}.Debug|Any CPU.ActiveCfg = Debug|Any CPU
		{97581010-4A0D-4920-BA69-459635E7AFA1}.Debug|Any CPU.Build.0 = Debug|Any CPU
		{97581010-4A0D-4920-BA69-459635E7AFA1}.Debug|x64.ActiveCfg = Debug|Any CPU
		{97581010-4A0D-4920-BA69-459635E7AFA1}.Debug|x64.Build.0 = Debug|Any CPU
		{97581010-4A0D-4920-BA69-459635E7AFA1}.Debug|x86.ActiveCfg = Debug|Any CPU
		{97581010-4A0D-4920-BA69-459635E7AFA1}.Debug|x86.Build.0 = Debug|Any CPU
		{97581010-4A0D-4920-BA69-459635E7AFA1}.Release|Any CPU.ActiveCfg = Release|Any CPU
		{97581010-4A0D-4920-BA69-459635E7AFA1}.Release|Any CPU.Build.0 = Release|Any CPU
		{97581010-4A0D-4920-BA69-459635E7AFA1}.Release|x64.ActiveCfg = Release|Any CPU
		{97581010-4A0D-4920-BA69-459635E7AFA1}.Release|x64.Build.0 = Release|Any CPU
		{97581010-4A0D-4920-BA69-459635E7AFA1}.Release|x86.ActiveCfg = Release|Any CPU
		{97581010-4A0D-4920-BA69-459635E7AFA1}.Release|x86.Build.0 = Release|Any CPU
		{404FAA27-281E-4B7C-9040-E580A01A87F1}.Debug|Any CPU.ActiveCfg = Debug|Any CPU
		{404FAA27-281E-4B7C-9040-E580A01A87F1}.Debug|Any CPU.Build.0 = Debug|Any CPU
		{404FAA27-281E-4B7C-9040-E580A01A87F1}.Debug|x64.ActiveCfg = Debug|Any CPU
		{404FAA27-281E-4B7C-9040-E580A01A87F1}.Debug|x64.Build.0 = Debug|Any CPU
		{404FAA27-281E-4B7C-9040-E580A01A87F1}.Debug|x86.ActiveCfg = Debug|Any CPU
		{404FAA27-281E-4B7C-9040-E580A01A87F1}.Debug|x86.Build.0 = Debug|Any CPU
		{404FAA27-281E-4B7C-9040-E580A01A87F1}.Release|Any CPU.ActiveCfg = Release|Any CPU
		{404FAA27-281E-4B7C-9040-E580A01A87F1}.Release|Any CPU.Build.0 = Release|Any CPU
		{404FAA27-281E-4B7C-9040-E580A01A87F1}.Release|x64.ActiveCfg = Release|Any CPU
		{404FAA27-281E-4B7C-9040-E580A01A87F1}.Release|x64.Build.0 = Release|Any CPU
		{404FAA27-281E-4B7C-9040-E580A01A87F1}.Release|x86.ActiveCfg = Release|Any CPU
		{404FAA27-281E-4B7C-9040-E580A01A87F1}.Release|x86.Build.0 = Release|Any CPU
		{36026751-8202-43FE-9135-DFDE674C62C5}.Debug|Any CPU.ActiveCfg = Debug|Any CPU
		{36026751-8202-43FE-9135-DFDE674C62C5}.Debug|Any CPU.Build.0 = Debug|Any CPU
		{36026751-8202-43FE-9135-DFDE674C62C5}.Debug|x64.ActiveCfg = Debug|Any CPU
		{36026751-8202-43FE-9135-DFDE674C62C5}.Debug|x64.Build.0 = Debug|Any CPU
		{36026751-8202-43FE-9135-DFDE674C62C5}.Debug|x86.ActiveCfg = Debug|Any CPU
		{36026751-8202-43FE-9135-DFDE674C62C5}.Debug|x86.Build.0 = Debug|Any CPU
		{36026751-8202-43FE-9135-DFDE674C62C5}.Release|Any CPU.ActiveCfg = Release|Any CPU
		{36026751-8202-43FE-9135-DFDE674C62C5}.Release|Any CPU.Build.0 = Release|Any CPU
		{36026751-8202-43FE-9135-DFDE674C62C5}.Release|x64.ActiveCfg = Release|Any CPU
		{36026751-8202-43FE-9135-DFDE674C62C5}.Release|x64.Build.0 = Release|Any CPU
		{36026751-8202-43FE-9135-DFDE674C62C5}.Release|x86.ActiveCfg = Release|Any CPU
		{36026751-8202-43FE-9135-DFDE674C62C5}.Release|x86.Build.0 = Release|Any CPU
		{D1CF8007-AF4D-446C-86E6-F14D71FB03B3}.Debug|Any CPU.ActiveCfg = Debug|Any CPU
		{D1CF8007-AF4D-446C-86E6-F14D71FB03B3}.Debug|Any CPU.Build.0 = Debug|Any CPU
		{D1CF8007-AF4D-446C-86E6-F14D71FB03B3}.Debug|x64.ActiveCfg = Debug|Any CPU
		{D1CF8007-AF4D-446C-86E6-F14D71FB03B3}.Debug|x64.Build.0 = Debug|Any CPU
		{D1CF8007-AF4D-446C-86E6-F14D71FB03B3}.Debug|x86.ActiveCfg = Debug|Any CPU
		{D1CF8007-AF4D-446C-86E6-F14D71FB03B3}.Debug|x86.Build.0 = Debug|Any CPU
		{D1CF8007-AF4D-446C-86E6-F14D71FB03B3}.Release|Any CPU.ActiveCfg = Release|Any CPU
		{D1CF8007-AF4D-446C-86E6-F14D71FB03B3}.Release|Any CPU.Build.0 = Release|Any CPU
		{D1CF8007-AF4D-446C-86E6-F14D71FB03B3}.Release|x64.ActiveCfg = Release|Any CPU
		{D1CF8007-AF4D-446C-86E6-F14D71FB03B3}.Release|x64.Build.0 = Release|Any CPU
		{D1CF8007-AF4D-446C-86E6-F14D71FB03B3}.Release|x86.ActiveCfg = Release|Any CPU
		{D1CF8007-AF4D-446C-86E6-F14D71FB03B3}.Release|x86.Build.0 = Release|Any CPU
		{620A3460-A43C-4810-BCE5-ACA3B8E2FDBA}.Debug|Any CPU.ActiveCfg = Debug|Any CPU
		{620A3460-A43C-4810-BCE5-ACA3B8E2FDBA}.Debug|Any CPU.Build.0 = Debug|Any CPU
		{620A3460-A43C-4810-BCE5-ACA3B8E2FDBA}.Debug|x64.ActiveCfg = Debug|Any CPU
		{620A3460-A43C-4810-BCE5-ACA3B8E2FDBA}.Debug|x64.Build.0 = Debug|Any CPU
		{620A3460-A43C-4810-BCE5-ACA3B8E2FDBA}.Debug|x86.ActiveCfg = Debug|Any CPU
		{620A3460-A43C-4810-BCE5-ACA3B8E2FDBA}.Debug|x86.Build.0 = Debug|Any CPU
		{620A3460-A43C-4810-BCE5-ACA3B8E2FDBA}.Release|Any CPU.ActiveCfg = Release|Any CPU
		{620A3460-A43C-4810-BCE5-ACA3B8E2FDBA}.Release|Any CPU.Build.0 = Release|Any CPU
		{620A3460-A43C-4810-BCE5-ACA3B8E2FDBA}.Release|x64.ActiveCfg = Release|Any CPU
		{620A3460-A43C-4810-BCE5-ACA3B8E2FDBA}.Release|x64.Build.0 = Release|Any CPU
		{620A3460-A43C-4810-BCE5-ACA3B8E2FDBA}.Release|x86.ActiveCfg = Release|Any CPU
		{620A3460-A43C-4810-BCE5-ACA3B8E2FDBA}.Release|x86.Build.0 = Release|Any CPU
		{3C8F030A-0A61-4145-B7BD-2E4FADB6378E}.Debug|Any CPU.ActiveCfg = Debug|Any CPU
		{3C8F030A-0A61-4145-B7BD-2E4FADB6378E}.Debug|Any CPU.Build.0 = Debug|Any CPU
		{3C8F030A-0A61-4145-B7BD-2E4FADB6378E}.Debug|x64.ActiveCfg = Debug|Any CPU
		{3C8F030A-0A61-4145-B7BD-2E4FADB6378E}.Debug|x64.Build.0 = Debug|Any CPU
		{3C8F030A-0A61-4145-B7BD-2E4FADB6378E}.Debug|x86.ActiveCfg = Debug|Any CPU
		{3C8F030A-0A61-4145-B7BD-2E4FADB6378E}.Debug|x86.Build.0 = Debug|Any CPU
		{3C8F030A-0A61-4145-B7BD-2E4FADB6378E}.Release|Any CPU.ActiveCfg = Release|Any CPU
		{3C8F030A-0A61-4145-B7BD-2E4FADB6378E}.Release|Any CPU.Build.0 = Release|Any CPU
		{3C8F030A-0A61-4145-B7BD-2E4FADB6378E}.Release|x64.ActiveCfg = Release|Any CPU
		{3C8F030A-0A61-4145-B7BD-2E4FADB6378E}.Release|x64.Build.0 = Release|Any CPU
		{3C8F030A-0A61-4145-B7BD-2E4FADB6378E}.Release|x86.ActiveCfg = Release|Any CPU
		{3C8F030A-0A61-4145-B7BD-2E4FADB6378E}.Release|x86.Build.0 = Release|Any CPU
		{6BE4B371-9CEE-4FFF-BE6E-1EFAE16B266C}.Debug|Any CPU.ActiveCfg = Debug|Any CPU
		{6BE4B371-9CEE-4FFF-BE6E-1EFAE16B266C}.Debug|Any CPU.Build.0 = Debug|Any CPU
		{6BE4B371-9CEE-4FFF-BE6E-1EFAE16B266C}.Debug|x64.ActiveCfg = Debug|Any CPU
		{6BE4B371-9CEE-4FFF-BE6E-1EFAE16B266C}.Debug|x64.Build.0 = Debug|Any CPU
		{6BE4B371-9CEE-4FFF-BE6E-1EFAE16B266C}.Debug|x86.ActiveCfg = Debug|Any CPU
		{6BE4B371-9CEE-4FFF-BE6E-1EFAE16B266C}.Debug|x86.Build.0 = Debug|Any CPU
		{6BE4B371-9CEE-4FFF-BE6E-1EFAE16B266C}.Release|Any CPU.ActiveCfg = Release|Any CPU
		{6BE4B371-9CEE-4FFF-BE6E-1EFAE16B266C}.Release|Any CPU.Build.0 = Release|Any CPU
		{6BE4B371-9CEE-4FFF-BE6E-1EFAE16B266C}.Release|x64.ActiveCfg = Release|Any CPU
		{6BE4B371-9CEE-4FFF-BE6E-1EFAE16B266C}.Release|x64.Build.0 = Release|Any CPU
		{6BE4B371-9CEE-4FFF-BE6E-1EFAE16B266C}.Release|x86.ActiveCfg = Release|Any CPU
		{6BE4B371-9CEE-4FFF-BE6E-1EFAE16B266C}.Release|x86.Build.0 = Release|Any CPU
		{CDE77426-B6E6-4B6F-BAA0-1FA583CFF4C3}.Debug|Any CPU.ActiveCfg = Debug|Any CPU
		{CDE77426-B6E6-4B6F-BAA0-1FA583CFF4C3}.Debug|Any CPU.Build.0 = Debug|Any CPU
		{CDE77426-B6E6-4B6F-BAA0-1FA583CFF4C3}.Debug|x64.ActiveCfg = Debug|Any CPU
		{CDE77426-B6E6-4B6F-BAA0-1FA583CFF4C3}.Debug|x64.Build.0 = Debug|Any CPU
		{CDE77426-B6E6-4B6F-BAA0-1FA583CFF4C3}.Debug|x86.ActiveCfg = Debug|Any CPU
		{CDE77426-B6E6-4B6F-BAA0-1FA583CFF4C3}.Debug|x86.Build.0 = Debug|Any CPU
		{CDE77426-B6E6-4B6F-BAA0-1FA583CFF4C3}.Release|Any CPU.ActiveCfg = Release|Any CPU
		{CDE77426-B6E6-4B6F-BAA0-1FA583CFF4C3}.Release|Any CPU.Build.0 = Release|Any CPU
		{CDE77426-B6E6-4B6F-BAA0-1FA583CFF4C3}.Release|x64.ActiveCfg = Release|Any CPU
		{CDE77426-B6E6-4B6F-BAA0-1FA583CFF4C3}.Release|x64.Build.0 = Release|Any CPU
		{CDE77426-B6E6-4B6F-BAA0-1FA583CFF4C3}.Release|x86.ActiveCfg = Release|Any CPU
		{CDE77426-B6E6-4B6F-BAA0-1FA583CFF4C3}.Release|x86.Build.0 = Release|Any CPU
		{BECA5C02-1493-4EB3-A63C-6E662B4DCFF9}.Debug|Any CPU.ActiveCfg = Debug|Any CPU
		{BECA5C02-1493-4EB3-A63C-6E662B4DCFF9}.Debug|Any CPU.Build.0 = Debug|Any CPU
		{BECA5C02-1493-4EB3-A63C-6E662B4DCFF9}.Debug|x64.ActiveCfg = Debug|Any CPU
		{BECA5C02-1493-4EB3-A63C-6E662B4DCFF9}.Debug|x64.Build.0 = Debug|Any CPU
		{BECA5C02-1493-4EB3-A63C-6E662B4DCFF9}.Debug|x86.ActiveCfg = Debug|Any CPU
		{BECA5C02-1493-4EB3-A63C-6E662B4DCFF9}.Debug|x86.Build.0 = Debug|Any CPU
		{BECA5C02-1493-4EB3-A63C-6E662B4DCFF9}.Release|Any CPU.ActiveCfg = Release|Any CPU
		{BECA5C02-1493-4EB3-A63C-6E662B4DCFF9}.Release|Any CPU.Build.0 = Release|Any CPU
		{BECA5C02-1493-4EB3-A63C-6E662B4DCFF9}.Release|x64.ActiveCfg = Release|Any CPU
		{BECA5C02-1493-4EB3-A63C-6E662B4DCFF9}.Release|x64.Build.0 = Release|Any CPU
		{BECA5C02-1493-4EB3-A63C-6E662B4DCFF9}.Release|x86.ActiveCfg = Release|Any CPU
		{BECA5C02-1493-4EB3-A63C-6E662B4DCFF9}.Release|x86.Build.0 = Release|Any CPU
		{8C7C46F3-021B-4B62-8278-8CA7317B0EBB}.Debug|Any CPU.ActiveCfg = Debug|Any CPU
		{8C7C46F3-021B-4B62-8278-8CA7317B0EBB}.Debug|Any CPU.Build.0 = Debug|Any CPU
		{8C7C46F3-021B-4B62-8278-8CA7317B0EBB}.Debug|x64.ActiveCfg = Debug|Any CPU
		{8C7C46F3-021B-4B62-8278-8CA7317B0EBB}.Debug|x64.Build.0 = Debug|Any CPU
		{8C7C46F3-021B-4B62-8278-8CA7317B0EBB}.Debug|x86.ActiveCfg = Debug|Any CPU
		{8C7C46F3-021B-4B62-8278-8CA7317B0EBB}.Debug|x86.Build.0 = Debug|Any CPU
		{8C7C46F3-021B-4B62-8278-8CA7317B0EBB}.Release|Any CPU.ActiveCfg = Release|Any CPU
		{8C7C46F3-021B-4B62-8278-8CA7317B0EBB}.Release|Any CPU.Build.0 = Release|Any CPU
		{8C7C46F3-021B-4B62-8278-8CA7317B0EBB}.Release|x64.ActiveCfg = Release|Any CPU
		{8C7C46F3-021B-4B62-8278-8CA7317B0EBB}.Release|x64.Build.0 = Release|Any CPU
		{8C7C46F3-021B-4B62-8278-8CA7317B0EBB}.Release|x86.ActiveCfg = Release|Any CPU
		{8C7C46F3-021B-4B62-8278-8CA7317B0EBB}.Release|x86.Build.0 = Release|Any CPU
		{F0B3C36E-2796-4DB7-9327-6AF951ABA57D}.Debug|Any CPU.ActiveCfg = Debug|Any CPU
		{F0B3C36E-2796-4DB7-9327-6AF951ABA57D}.Debug|Any CPU.Build.0 = Debug|Any CPU
		{F0B3C36E-2796-4DB7-9327-6AF951ABA57D}.Debug|x64.ActiveCfg = Debug|Any CPU
		{F0B3C36E-2796-4DB7-9327-6AF951ABA57D}.Debug|x64.Build.0 = Debug|Any CPU
		{F0B3C36E-2796-4DB7-9327-6AF951ABA57D}.Debug|x86.ActiveCfg = Debug|Any CPU
		{F0B3C36E-2796-4DB7-9327-6AF951ABA57D}.Debug|x86.Build.0 = Debug|Any CPU
		{F0B3C36E-2796-4DB7-9327-6AF951ABA57D}.Release|Any CPU.ActiveCfg = Release|Any CPU
		{F0B3C36E-2796-4DB7-9327-6AF951ABA57D}.Release|Any CPU.Build.0 = Release|Any CPU
		{F0B3C36E-2796-4DB7-9327-6AF951ABA57D}.Release|x64.ActiveCfg = Release|Any CPU
		{F0B3C36E-2796-4DB7-9327-6AF951ABA57D}.Release|x64.Build.0 = Release|Any CPU
		{F0B3C36E-2796-4DB7-9327-6AF951ABA57D}.Release|x86.ActiveCfg = Release|Any CPU
		{F0B3C36E-2796-4DB7-9327-6AF951ABA57D}.Release|x86.Build.0 = Release|Any CPU
		{1CD6BBFC-C51B-4162-8628-344356968CC4}.Debug|Any CPU.ActiveCfg = Debug|Any CPU
		{1CD6BBFC-C51B-4162-8628-344356968CC4}.Debug|Any CPU.Build.0 = Debug|Any CPU
		{1CD6BBFC-C51B-4162-8628-344356968CC4}.Debug|x64.ActiveCfg = Debug|Any CPU
		{1CD6BBFC-C51B-4162-8628-344356968CC4}.Debug|x64.Build.0 = Debug|Any CPU
		{1CD6BBFC-C51B-4162-8628-344356968CC4}.Debug|x86.ActiveCfg = Debug|Any CPU
		{1CD6BBFC-C51B-4162-8628-344356968CC4}.Debug|x86.Build.0 = Debug|Any CPU
		{1CD6BBFC-C51B-4162-8628-344356968CC4}.Release|Any CPU.ActiveCfg = Release|Any CPU
		{1CD6BBFC-C51B-4162-8628-344356968CC4}.Release|Any CPU.Build.0 = Release|Any CPU
		{1CD6BBFC-C51B-4162-8628-344356968CC4}.Release|x64.ActiveCfg = Release|Any CPU
		{1CD6BBFC-C51B-4162-8628-344356968CC4}.Release|x64.Build.0 = Release|Any CPU
		{1CD6BBFC-C51B-4162-8628-344356968CC4}.Release|x86.ActiveCfg = Release|Any CPU
		{1CD6BBFC-C51B-4162-8628-344356968CC4}.Release|x86.Build.0 = Release|Any CPU
		{3B3914C5-CA13-4AD8-B38B-3BCD8754892C}.Debug|Any CPU.ActiveCfg = Debug|Any CPU
		{3B3914C5-CA13-4AD8-B38B-3BCD8754892C}.Debug|Any CPU.Build.0 = Debug|Any CPU
		{3B3914C5-CA13-4AD8-B38B-3BCD8754892C}.Debug|x64.ActiveCfg = Debug|Any CPU
		{3B3914C5-CA13-4AD8-B38B-3BCD8754892C}.Debug|x64.Build.0 = Debug|Any CPU
		{3B3914C5-CA13-4AD8-B38B-3BCD8754892C}.Debug|x86.ActiveCfg = Debug|Any CPU
		{3B3914C5-CA13-4AD8-B38B-3BCD8754892C}.Debug|x86.Build.0 = Debug|Any CPU
		{3B3914C5-CA13-4AD8-B38B-3BCD8754892C}.Release|Any CPU.ActiveCfg = Release|Any CPU
		{3B3914C5-CA13-4AD8-B38B-3BCD8754892C}.Release|Any CPU.Build.0 = Release|Any CPU
		{3B3914C5-CA13-4AD8-B38B-3BCD8754892C}.Release|x64.ActiveCfg = Release|Any CPU
		{3B3914C5-CA13-4AD8-B38B-3BCD8754892C}.Release|x64.Build.0 = Release|Any CPU
		{3B3914C5-CA13-4AD8-B38B-3BCD8754892C}.Release|x86.ActiveCfg = Release|Any CPU
		{3B3914C5-CA13-4AD8-B38B-3BCD8754892C}.Release|x86.Build.0 = Release|Any CPU
		{4BFC80A2-AA8E-4C22-9BD8-7D19595348B3}.Debug|Any CPU.ActiveCfg = Debug|Any CPU
		{4BFC80A2-AA8E-4C22-9BD8-7D19595348B3}.Debug|Any CPU.Build.0 = Debug|Any CPU
		{4BFC80A2-AA8E-4C22-9BD8-7D19595348B3}.Debug|x64.ActiveCfg = Debug|Any CPU
		{4BFC80A2-AA8E-4C22-9BD8-7D19595348B3}.Debug|x64.Build.0 = Debug|Any CPU
		{4BFC80A2-AA8E-4C22-9BD8-7D19595348B3}.Debug|x86.ActiveCfg = Debug|Any CPU
		{4BFC80A2-AA8E-4C22-9BD8-7D19595348B3}.Debug|x86.Build.0 = Debug|Any CPU
		{4BFC80A2-AA8E-4C22-9BD8-7D19595348B3}.Release|Any CPU.ActiveCfg = Release|Any CPU
		{4BFC80A2-AA8E-4C22-9BD8-7D19595348B3}.Release|Any CPU.Build.0 = Release|Any CPU
		{4BFC80A2-AA8E-4C22-9BD8-7D19595348B3}.Release|x64.ActiveCfg = Release|Any CPU
		{4BFC80A2-AA8E-4C22-9BD8-7D19595348B3}.Release|x64.Build.0 = Release|Any CPU
		{4BFC80A2-AA8E-4C22-9BD8-7D19595348B3}.Release|x86.ActiveCfg = Release|Any CPU
		{4BFC80A2-AA8E-4C22-9BD8-7D19595348B3}.Release|x86.Build.0 = Release|Any CPU
	EndGlobalSection
	GlobalSection(SolutionProperties) = preSolution
		HideSolutionNode = FALSE
	EndGlobalSection
	GlobalSection(NestedProjects) = preSolution
		{C91C11FF-2613-4F33-9381-A6CE1AA8AC21} = {827E0CD3-B72D-47B6-A68D-7590B98EB39B}
		{AF03D05F-81F2-4FFA-8A81-5FE5FA93E7A7} = {827E0CD3-B72D-47B6-A68D-7590B98EB39B}
		{E6A5655B-8C1E-4FEA-BEB5-745D476AA019} = {827E0CD3-B72D-47B6-A68D-7590B98EB39B}
		{E5091565-A310-41C3-9DF5-A6FD2729EECD} = {827E0CD3-B72D-47B6-A68D-7590B98EB39B}
		{6EACCA72-C933-4D64-B645-F86D4C1B101E} = {827E0CD3-B72D-47B6-A68D-7590B98EB39B}
		{F8994BED-0235-48E1-865B-85C1763E3AAF} = {827E0CD3-B72D-47B6-A68D-7590B98EB39B}
		{4C94FA3C-88CB-44ED-A606-DD867885F7E4} = {827E0CD3-B72D-47B6-A68D-7590B98EB39B}
		{4C8CF963-D1BB-4E72-84A9-C47654C418D9} = {827E0CD3-B72D-47B6-A68D-7590B98EB39B}
		{259BB7A8-39A3-4D81-90BC-8AB9B264B92B} = {827E0CD3-B72D-47B6-A68D-7590B98EB39B}
		{42EE63FC-E76D-4721-BA6F-D933EBE89049} = {827E0CD3-B72D-47B6-A68D-7590B98EB39B}
		{F676A544-A9EC-4B77-9C84-75F54343200E} = {827E0CD3-B72D-47B6-A68D-7590B98EB39B}
		{AFD1DB1F-90F6-49DE-9F5B-BE09BC56ED73} = {827E0CD3-B72D-47B6-A68D-7590B98EB39B}
		{97581010-4A0D-4920-BA69-459635E7AFA1} = {827E0CD3-B72D-47B6-A68D-7590B98EB39B}
		{404FAA27-281E-4B7C-9040-E580A01A87F1} = {0AB3BF05-4346-4AA6-1389-037BE0695223}
		{36026751-8202-43FE-9135-DFDE674C62C5} = {0AB3BF05-4346-4AA6-1389-037BE0695223}
		{D1CF8007-AF4D-446C-86E6-F14D71FB03B3} = {0AB3BF05-4346-4AA6-1389-037BE0695223}
		{620A3460-A43C-4810-BCE5-ACA3B8E2FDBA} = {0AB3BF05-4346-4AA6-1389-037BE0695223}
		{3C8F030A-0A61-4145-B7BD-2E4FADB6378E} = {0AB3BF05-4346-4AA6-1389-037BE0695223}
		{6BE4B371-9CEE-4FFF-BE6E-1EFAE16B266C} = {0AB3BF05-4346-4AA6-1389-037BE0695223}
		{CDE77426-B6E6-4B6F-BAA0-1FA583CFF4C3} = {0AB3BF05-4346-4AA6-1389-037BE0695223}
		{BECA5C02-1493-4EB3-A63C-6E662B4DCFF9} = {0AB3BF05-4346-4AA6-1389-037BE0695223}
		{8C7C46F3-021B-4B62-8278-8CA7317B0EBB} = {0AB3BF05-4346-4AA6-1389-037BE0695223}
		{F0B3C36E-2796-4DB7-9327-6AF951ABA57D} = {0AB3BF05-4346-4AA6-1389-037BE0695223}
		{1CD6BBFC-C51B-4162-8628-344356968CC4} = {0AB3BF05-4346-4AA6-1389-037BE0695223}
		{3B3914C5-CA13-4AD8-B38B-3BCD8754892C} = {0AB3BF05-4346-4AA6-1389-037BE0695223}
		{4BFC80A2-AA8E-4C22-9BD8-7D19595348B3} = {0AB3BF05-4346-4AA6-1389-037BE0695223}
	EndGlobalSection
EndGlobal
